
Microsoft Visual Studio Solution File, Format Version 12.00
# Visual Studio 15
VisualStudioVersion = 15.0.27428.2043
MinimumVisualStudioVersion = 10.0.40219.1
Project("{FAE04EC0-301F-11D3-BF4B-00C04F79EFBC}") = "Domain", "Domain\Domain.csproj", "{E3D2228C-864C-4CE5-A24E-DE1C0DD6448C}"
EndProject
Project("{2150E333-8FDC-42A3-9474-1A3956D46DE8}") = "Test", "Test", "{45810B6B-6BC7-4AB1-92A9-D74CE5203167}"
EndProject
Project("{FAE04EC0-301F-11D3-BF4B-00C04F79EFBC}") = "Domain.Tests", "Tests\Domain.Tests\Domain.Tests.csproj", "{D153B8B7-862E-4BC1-B56E-9EC2612EDC6F}"
EndProject
Project("{FAE04EC0-301F-11D3-BF4B-00C04F79EFBC}") = "MeasureIt", "MeasureIt\MeasureIt.csproj", "{D50BF597-B519-4E37-B082-EE2EA3ED7559}"
EndProject
Global
	GlobalSection(SolutionConfigurationPlatforms) = preSolution
		Debug|Any CPU = Debug|Any CPU
		Release|Any CPU = Release|Any CPU
	EndGlobalSection
	GlobalSection(ProjectConfigurationPlatforms) = postSolution
		{E3D2228C-864C-4CE5-A24E-DE1C0DD6448C}.Debug|Any CPU.ActiveCfg = Debug|Any CPU
		{E3D2228C-864C-4CE5-A24E-DE1C0DD6448C}.Debug|Any CPU.Build.0 = Debug|Any CPU
		{E3D2228C-864C-4CE5-A24E-DE1C0DD6448C}.Release|Any CPU.ActiveCfg = Release|Any CPU
		{E3D2228C-864C-4CE5-A24E-DE1C0DD6448C}.Release|Any CPU.Build.0 = Release|Any CPU
		{D153B8B7-862E-4BC1-B56E-9EC2612EDC6F}.Debug|Any CPU.ActiveCfg = Debug|Any CPU
		{D153B8B7-862E-4BC1-B56E-9EC2612EDC6F}.Debug|Any CPU.Build.0 = Debug|Any CPU
		{D153B8B7-862E-4BC1-B56E-9EC2612EDC6F}.Release|Any CPU.ActiveCfg = Release|Any CPU
		{D153B8B7-862E-4BC1-B56E-9EC2612EDC6F}.Release|Any CPU.Build.0 = Release|Any CPU
		{D50BF597-B519-4E37-B082-EE2EA3ED7559}.Debug|Any CPU.ActiveCfg = Debug|Any CPU
		{D50BF597-B519-4E37-B082-EE2EA3ED7559}.Debug|Any CPU.Build.0 = Debug|Any CPU
		{D50BF597-B519-4E37-B082-EE2EA3ED7559}.Release|Any CPU.ActiveCfg = Release|Any CPU
		{D50BF597-B519-4E37-B082-EE2EA3ED7559}.Release|Any CPU.Build.0 = Release|Any CPU
	EndGlobalSection
	GlobalSection(SolutionProperties) = preSolution
		HideSolutionNode = FALSE
	EndGlobalSection
	GlobalSection(NestedProjects) = preSolution
		{D153B8B7-862E-4BC1-B56E-9EC2612EDC6F} = {45810B6B-6BC7-4AB1-92A9-D74CE5203167}
	EndGlobalSection
	GlobalSection(ExtensibilityGlobals) = postSolution
		SolutionGuid = {BA960CF0-65DA-4EE7-B6D2-6EF9ECCC53F4}
	EndGlobalSection
EndGlobal
